
Microsoft Visual Studio Solution File, Format Version 12.00
# Visual Studio Version 17
VisualStudioVersion = 17.14.36414.22 d17.14
MinimumVisualStudioVersion = 10.0.40219.1
Project("{FAE04EC0-301F-11D3-BF4B-00C04F79EFBC}") = "EventosMVC", "EventosMVC\EventosMVC.csproj", "{0AEE96D3-092C-4314-99E2-8EAE64663800}"
EndProject
Global
	GlobalSection(SolutionConfigurationPlatforms) = preSolution
		Debug|Any CPU = Debug|Any CPU
		Release|Any CPU = Release|Any CPU
	EndGlobalSection
	GlobalSection(ProjectConfigurationPlatforms) = postSolution
		{0AEE96D3-092C-4314-99E2-8EAE64663800}.Debug|Any CPU.ActiveCfg = Debug|Any CPU
		{0AEE96D3-092C-4314-99E2-8EAE64663800}.Debug|Any CPU.Build.0 = Debug|Any CPU
		{0AEE96D3-092C-4314-99E2-8EAE64663800}.Release|Any CPU.ActiveCfg = Release|Any CPU
		{0AEE96D3-092C-4314-99E2-8EAE64663800}.Release|Any CPU.Build.0 = Release|Any CPU
	EndGlobalSection
	GlobalSection(SolutionProperties) = preSolution
		HideSolutionNode = FALSE
	EndGlobalSection
	GlobalSection(ExtensibilityGlobals) = postSolution
		SolutionGuid = {BA5D929D-D811-46D4-9310-4D187B853AD1}
	EndGlobalSection
EndGlobal
